
Microsoft Visual Studio Solution File, Format Version 12.00
# Visual Studio Version 17
VisualStudioVersion = 17.13.35931.197
MinimumVisualStudioVersion = 10.0.40219.1
Project("{FAE04EC0-301F-11D3-BF4B-00C04F79EFBC}") = "Server", "server\Server.csproj", "{A81C22E2-4864-4765-B53F-632F148B60AD}"
EndProject
Project("{FAE04EC0-301F-11D3-BF4B-00C04F79EFBC}") = "Services", "services\Services.csproj", "{A36E47E5-FBBE-413C-AC13-BD8C028FBDAB}"
EndProject
Project("{FAE04EC0-301F-11D3-BF4B-00C04F79EFBC}") = "Client", "client\Client.csproj", "{56330968-9F1B-42E8-916C-A80E99164187}"
EndProject
Project("{FAE04EC0-301F-11D3-BF4B-00C04F79EFBC}") = "Common", "common\Common.csproj", "{9DA3441D-879C-4788-9159-9FEA87B9F5C4}"
EndProject
Project("{FAE04EC0-301F-11D3-BF4B-00C04F79EFBC}") = "actors", "actors\actors.csproj", "{C7340864-F9C0-46CE-98A5-CB66C5AC0FDF}"
EndProject
Project("{FAE04EC0-301F-11D3-BF4B-00C04F79EFBC}") = "ChatClient", "ChatClient\ChatClient.csproj", "{3BFD4633-1F53-4F78-8FAB-8CB18A4CF9F4}"
EndProject
Project("{FAE04EC0-301F-11D3-BF4B-00C04F79EFBC}") = "ChatServer", "ChatServer\ChatServer.csproj", "{91C86C6D-C5D6-4330-9562-825FB41005F0}"
EndProject
Project("{FAE04EC0-301F-11D3-BF4B-00C04F79EFBC}") = "Protocol", "Protocol\Protocol.csproj", "{CDEB8C68-8FCE-49F8-B397-82D05519DBE1}"
EndProject
Project("{FAE04EC0-301F-11D3-BF4B-00C04F79EFBC}") = "ProtocolGenerator", "ProtocolGenerator\ProtocolGenerator.csproj", "{F34360C8-269B-4E39-9906-8B264F8A88B4}"
EndProject
Global
	GlobalSection(SolutionConfigurationPlatforms) = preSolution
		Debug|Any CPU = Debug|Any CPU
		Release|Any CPU = Release|Any CPU
	EndGlobalSection
	GlobalSection(ProjectConfigurationPlatforms) = postSolution
		{A81C22E2-4864-4765-B53F-632F148B60AD}.Debug|Any CPU.ActiveCfg = Debug|Any CPU
		{A81C22E2-4864-4765-B53F-632F148B60AD}.Debug|Any CPU.Build.0 = Debug|Any CPU
		{A81C22E2-4864-4765-B53F-632F148B60AD}.Release|Any CPU.ActiveCfg = Release|Any CPU
		{A81C22E2-4864-4765-B53F-632F148B60AD}.Release|Any CPU.Build.0 = Release|Any CPU
		{A36E47E5-FBBE-413C-AC13-BD8C028FBDAB}.Debug|Any CPU.ActiveCfg = Debug|Any CPU
		{A36E47E5-FBBE-413C-AC13-BD8C028FBDAB}.Debug|Any CPU.Build.0 = Debug|Any CPU
		{A36E47E5-FBBE-413C-AC13-BD8C028FBDAB}.Release|Any CPU.ActiveCfg = Release|Any CPU
		{A36E47E5-FBBE-413C-AC13-BD8C028FBDAB}.Release|Any CPU.Build.0 = Release|Any CPU
		{56330968-9F1B-42E8-916C-A80E99164187}.Debug|Any CPU.ActiveCfg = Debug|Any CPU
		{56330968-9F1B-42E8-916C-A80E99164187}.Debug|Any CPU.Build.0 = Debug|Any CPU
		{56330968-9F1B-42E8-916C-A80E99164187}.Release|Any CPU.ActiveCfg = Release|Any CPU
		{56330968-9F1B-42E8-916C-A80E99164187}.Release|Any CPU.Build.0 = Release|Any CPU
		{9DA3441D-879C-4788-9159-9FEA87B9F5C4}.Debug|Any CPU.ActiveCfg = Debug|Any CPU
		{9DA3441D-879C-4788-9159-9FEA87B9F5C4}.Debug|Any CPU.Build.0 = Debug|Any CPU
		{9DA3441D-879C-4788-9159-9FEA87B9F5C4}.Release|Any CPU.ActiveCfg = Release|Any CPU
		{9DA3441D-879C-4788-9159-9FEA87B9F5C4}.Release|Any CPU.Build.0 = Release|Any CPU
		{C7340864-F9C0-46CE-98A5-CB66C5AC0FDF}.Debug|Any CPU.ActiveCfg = Debug|Any CPU
		{C7340864-F9C0-46CE-98A5-CB66C5AC0FDF}.Debug|Any CPU.Build.0 = Debug|Any CPU
		{C7340864-F9C0-46CE-98A5-CB66C5AC0FDF}.Release|Any CPU.ActiveCfg = Release|Any CPU
		{C7340864-F9C0-46CE-98A5-CB66C5AC0FDF}.Release|Any CPU.Build.0 = Release|Any CPU
		{3BFD4633-1F53-4F78-8FAB-8CB18A4CF9F4}.Debug|Any CPU.ActiveCfg = Debug|Any CPU
		{3BFD4633-1F53-4F78-8FAB-8CB18A4CF9F4}.Debug|Any CPU.Build.0 = Debug|Any CPU
		{3BFD4633-1F53-4F78-8FAB-8CB18A4CF9F4}.Release|Any CPU.ActiveCfg = Release|Any CPU
		{3BFD4633-1F53-4F78-8FAB-8CB18A4CF9F4}.Release|Any CPU.Build.0 = Release|Any CPU
		{91C86C6D-C5D6-4330-9562-825FB41005F0}.Debug|Any CPU.ActiveCfg = Debug|Any CPU
		{91C86C6D-C5D6-4330-9562-825FB41005F0}.Debug|Any CPU.Build.0 = Debug|Any CPU
		{91C86C6D-C5D6-4330-9562-825FB41005F0}.Release|Any CPU.ActiveCfg = Release|Any CPU
		{91C86C6D-C5D6-4330-9562-825FB41005F0}.Release|Any CPU.Build.0 = Release|Any CPU
		{CDEB8C68-8FCE-49F8-B397-82D05519DBE1}.Debug|Any CPU.ActiveCfg = Debug|Any CPU
		{CDEB8C68-8FCE-49F8-B397-82D05519DBE1}.Debug|Any CPU.Build.0 = Debug|Any CPU
		{CDEB8C68-8FCE-49F8-B397-82D05519DBE1}.Release|Any CPU.ActiveCfg = Release|Any CPU
		{CDEB8C68-8FCE-49F8-B397-82D05519DBE1}.Release|Any CPU.Build.0 = Release|Any CPU
		{F34360C8-269B-4E39-9906-8B264F8A88B4}.Debug|Any CPU.ActiveCfg = Debug|Any CPU
		{F34360C8-269B-4E39-9906-8B264F8A88B4}.Debug|Any CPU.Build.0 = Debug|Any CPU
		{F34360C8-269B-4E39-9906-8B264F8A88B4}.Release|Any CPU.ActiveCfg = Release|Any CPU
		{F34360C8-269B-4E39-9906-8B264F8A88B4}.Release|Any CPU.Build.0 = Release|Any CPU
	EndGlobalSection
	GlobalSection(SolutionProperties) = preSolution
		HideSolutionNode = FALSE
	EndGlobalSection
	GlobalSection(ExtensibilityGlobals) = postSolution
		SolutionGuid = {1BCB4765-9284-455C-92C6-EC04990C565D}
	EndGlobalSection
EndGlobal
